// !$*UTF8*$!
{
	archiveVersion = 1;
	classes = {
	};
	objectVersion = 48;
	objects = {

/* Begin PBXBuildFile section */
		19976A1BC2EF2A74FA1D38D4 /* Pods_Palaver.framework in Frameworks */ = {isa = PBXBuildFile; fileRef = 2B69A06FBEEC2E3B250A8C3F /* Pods_Palaver.framework */; };
		67360EC0208D4A340095462C /* AppDelegate.swift in Sources */ = {isa = PBXBuildFile; fileRef = 67360EBF208D4A340095462C /* AppDelegate.swift */; };
		67360EC5208D4A340095462C /* Main.storyboard in Resources */ = {isa = PBXBuildFile; fileRef = 67360EC3208D4A340095462C /* Main.storyboard */; };
		67360EC7208D4A340095462C /* Assets.xcassets in Resources */ = {isa = PBXBuildFile; fileRef = 67360EC6208D4A340095462C /* Assets.xcassets */; };
		67360ECA208D4A340095462C /* LaunchScreen.storyboard in Resources */ = {isa = PBXBuildFile; fileRef = 67360EC8208D4A340095462C /* LaunchScreen.storyboard */; };
		67360ED5208D4A340095462C /* PalaverTests.swift in Sources */ = {isa = PBXBuildFile; fileRef = 67360ED4208D4A340095462C /* PalaverTests.swift */; };
		67360EE0208D4A340095462C /* PalaverUITests.swift in Sources */ = {isa = PBXBuildFile; fileRef = 67360EDF208D4A340095462C /* PalaverUITests.swift */; };
		67360EEE208D4BB00095462C /* README.md in Resources */ = {isa = PBXBuildFile; fileRef = 67360EED208D4BB00095462C /* README.md */; };
		67360EF3208D69630095462C /* SWRevealViewController.m in Sources */ = {isa = PBXBuildFile; fileRef = 67360EF1208D69630095462C /* SWRevealViewController.m */; };
		67360EF8208DA3420095462C /* ChatVC.swift in Sources */ = {isa = PBXBuildFile; fileRef = 67360EF7208DA3420095462C /* ChatVC.swift */; };
		67360EFA208DA3530095462C /* ChannelVC.swift in Sources */ = {isa = PBXBuildFile; fileRef = 67360EF9208DA3530095462C /* ChannelVC.swift */; };
		67360EFC208DAA930095462C /* GradientView.swift in Sources */ = {isa = PBXBuildFile; fileRef = 67360EFB208DAA930095462C /* GradientView.swift */; };
		67360EFF208DB66B0095462C /* Constants.swift in Sources */ = {isa = PBXBuildFile; fileRef = 67360EFE208DB66B0095462C /* Constants.swift */; };
		67360F01208DBAF70095462C /* LoginVC.swift in Sources */ = {isa = PBXBuildFile; fileRef = 67360F00208DBAF70095462C /* LoginVC.swift */; };
		67360F03208E8A090095462C /* CreateAccountVC.swift in Sources */ = {isa = PBXBuildFile; fileRef = 67360F02208E8A090095462C /* CreateAccountVC.swift */; };
		67446142208FD402000D0453 /* UserDataService.swift in Sources */ = {isa = PBXBuildFile; fileRef = 67446141208FD402000D0453 /* UserDataService.swift */; };
		67446144208FDEB5000D0453 /* AvatarPickerVC.swift in Sources */ = {isa = PBXBuildFile; fileRef = 67446143208FDEB5000D0453 /* AvatarPickerVC.swift */; };
		67446146208FE0A6000D0453 /* AvatarCell.swift in Sources */ = {isa = PBXBuildFile; fileRef = 67446145208FE0A6000D0453 /* AvatarCell.swift */; };
		67B9B7B4209129DD0017807B /* MessageService.swift in Sources */ = {isa = PBXBuildFile; fileRef = 67B9B7B3209129DD0017807B /* MessageService.swift */; };
		67B9B7B620912A0E0017807B /* Channel.swift in Sources */ = {isa = PBXBuildFile; fileRef = 67B9B7B520912A0E0017807B /* Channel.swift */; };
		67B9B7B82091302E0017807B /* ChannelCell.swift in Sources */ = {isa = PBXBuildFile; fileRef = 67B9B7B72091302E0017807B /* ChannelCell.swift */; };
		67B9B7BB209135750017807B /* AddChannelVC.swift in Sources */ = {isa = PBXBuildFile; fileRef = 67B9B7B9209135750017807B /* AddChannelVC.swift */; };
		67B9B7BC209135750017807B /* AddChannelVC.xib in Resources */ = {isa = PBXBuildFile; fileRef = 67B9B7BA209135750017807B /* AddChannelVC.xib */; };
		67B9B7BE20913EB60017807B /* SocketService.swift in Sources */ = {isa = PBXBuildFile; fileRef = 67B9B7BD20913EB60017807B /* SocketService.swift */; };
		67CC528855136E607694FFE9 /* Pods_PalaverTests.framework in Frameworks */ = {isa = PBXBuildFile; fileRef = 8BC71C92F63AC75047B9F698 /* Pods_PalaverTests.framework */; };
		67D50928208EF93A00905EEB /* AuthService.swift in Sources */ = {isa = PBXBuildFile; fileRef = 67D50927208EF93A00905EEB /* AuthService.swift */; };
		67D5092A208F057400905EEB /* RoundedButton.swift in Sources */ = {isa = PBXBuildFile; fileRef = 67D50929208F057400905EEB /* RoundedButton.swift */; };
		67FE5157208FEE320060A910 /* CircleImage.swift in Sources */ = {isa = PBXBuildFile; fileRef = 67FE5156208FEE320060A910 /* CircleImage.swift */; };
		67FE515A2090174A0060A910 /* ProfileVC.swift in Sources */ = {isa = PBXBuildFile; fileRef = 67FE51582090174A0060A910 /* ProfileVC.swift */; };
		67FE515B2090174A0060A910 /* ProfileVC.xib in Resources */ = {isa = PBXBuildFile; fileRef = 67FE51592090174A0060A910 /* ProfileVC.xib */; };
		B559EE58FED0EA29EFD826A1 /* Pods_PalaverUITests.framework in Frameworks */ = {isa = PBXBuildFile; fileRef = F0CABF3FCC7291903F7BC5A9 /* Pods_PalaverUITests.framework */; };
/* End PBXBuildFile section */

/* Begin PBXContainerItemProxy section */
		67360ED1208D4A340095462C /* PBXContainerItemProxy */ = {
			isa = PBXContainerItemProxy;
			containerPortal = 67360EB4208D4A340095462C /* Project object */;
			proxyType = 1;
			remoteGlobalIDString = 67360EBB208D4A340095462C;
			remoteInfo = Palaver;
		};
		67360EDC208D4A340095462C /* PBXContainerItemProxy */ = {
			isa = PBXContainerItemProxy;
			containerPortal = 67360EB4208D4A340095462C /* Project object */;
			proxyType = 1;
			remoteGlobalIDString = 67360EBB208D4A340095462C;
			remoteInfo = Palaver;
		};
/* End PBXContainerItemProxy section */

/* Begin PBXFileReference section */
		081A31E997E4F572513C519D /* Pods-PalaverUITests.debug.xcconfig */ = {isa = PBXFileReference; includeInIndex = 1; lastKnownFileType = text.xcconfig; name = "Pods-PalaverUITests.debug.xcconfig"; path = "Pods/Target Support Files/Pods-PalaverUITests/Pods-PalaverUITests.debug.xcconfig"; sourceTree = "<group>"; };
		11C050B055A788DB1D98ABEA /* Pods-Palaver.debug.xcconfig */ = {isa = PBXFileReference; includeInIndex = 1; lastKnownFileType = text.xcconfig; name = "Pods-Palaver.debug.xcconfig"; path = "Pods/Target Support Files/Pods-Palaver/Pods-Palaver.debug.xcconfig"; sourceTree = "<group>"; };
		2B69A06FBEEC2E3B250A8C3F /* Pods_Palaver.framework */ = {isa = PBXFileReference; explicitFileType = wrapper.framework; includeInIndex = 0; path = Pods_Palaver.framework; sourceTree = BUILT_PRODUCTS_DIR; };
		424464C04C5C37E865A2B3F0 /* Pods-PalaverUITests.release.xcconfig */ = {isa = PBXFileReference; includeInIndex = 1; lastKnownFileType = text.xcconfig; name = "Pods-PalaverUITests.release.xcconfig"; path = "Pods/Target Support Files/Pods-PalaverUITests/Pods-PalaverUITests.release.xcconfig"; sourceTree = "<group>"; };
		67360EBC208D4A340095462C /* Palaver.app */ = {isa = PBXFileReference; explicitFileType = wrapper.application; includeInIndex = 0; path = Palaver.app; sourceTree = BUILT_PRODUCTS_DIR; };
		67360EBF208D4A340095462C /* AppDelegate.swift */ = {isa = PBXFileReference; lastKnownFileType = sourcecode.swift; path = AppDelegate.swift; sourceTree = "<group>"; };
		67360EC4208D4A340095462C /* Base */ = {isa = PBXFileReference; lastKnownFileType = file.storyboard; name = Base; path = Base.lproj/Main.storyboard; sourceTree = "<group>"; };
		67360EC6208D4A340095462C /* Assets.xcassets */ = {isa = PBXFileReference; lastKnownFileType = folder.assetcatalog; path = Assets.xcassets; sourceTree = "<group>"; };
		67360EC9208D4A340095462C /* Base */ = {isa = PBXFileReference; lastKnownFileType = file.storyboard; name = Base; path = Base.lproj/LaunchScreen.storyboard; sourceTree = "<group>"; };
		67360ECB208D4A340095462C /* Info.plist */ = {isa = PBXFileReference; lastKnownFileType = text.plist.xml; path = Info.plist; sourceTree = "<group>"; };
		67360ED0208D4A340095462C /* PalaverTests.xctest */ = {isa = PBXFileReference; explicitFileType = wrapper.cfbundle; includeInIndex = 0; path = PalaverTests.xctest; sourceTree = BUILT_PRODUCTS_DIR; };
		67360ED4208D4A340095462C /* PalaverTests.swift */ = {isa = PBXFileReference; lastKnownFileType = sourcecode.swift; path = PalaverTests.swift; sourceTree = "<group>"; };
		67360ED6208D4A340095462C /* Info.plist */ = {isa = PBXFileReference; lastKnownFileType = text.plist.xml; path = Info.plist; sourceTree = "<group>"; };
		67360EDB208D4A340095462C /* PalaverUITests.xctest */ = {isa = PBXFileReference; explicitFileType = wrapper.cfbundle; includeInIndex = 0; path = PalaverUITests.xctest; sourceTree = BUILT_PRODUCTS_DIR; };
		67360EDF208D4A340095462C /* PalaverUITests.swift */ = {isa = PBXFileReference; lastKnownFileType = sourcecode.swift; path = PalaverUITests.swift; sourceTree = "<group>"; };
		67360EE1208D4A340095462C /* Info.plist */ = {isa = PBXFileReference; lastKnownFileType = text.plist.xml; path = Info.plist; sourceTree = "<group>"; };
		67360EED208D4BB00095462C /* README.md */ = {isa = PBXFileReference; lastKnownFileType = net.daringfireball.markdown; path = README.md; sourceTree = "<group>"; };
		67360EF0208D69610095462C /* Palaver-Bridging-Header.h */ = {isa = PBXFileReference; lastKnownFileType = sourcecode.c.h; path = "Palaver-Bridging-Header.h"; sourceTree = "<group>"; };
		67360EF1208D69630095462C /* SWRevealViewController.m */ = {isa = PBXFileReference; fileEncoding = 4; lastKnownFileType = sourcecode.c.objc; path = SWRevealViewController.m; sourceTree = "<group>"; };
		67360EF2208D69630095462C /* SWRevealViewController.h */ = {isa = PBXFileReference; fileEncoding = 4; lastKnownFileType = sourcecode.c.h; path = SWRevealViewController.h; sourceTree = "<group>"; };
		67360EF7208DA3420095462C /* ChatVC.swift */ = {isa = PBXFileReference; lastKnownFileType = sourcecode.swift; path = ChatVC.swift; sourceTree = "<group>"; };
		67360EF9208DA3530095462C /* ChannelVC.swift */ = {isa = PBXFileReference; lastKnownFileType = sourcecode.swift; path = ChannelVC.swift; sourceTree = "<group>"; };
		67360EFB208DAA930095462C /* GradientView.swift */ = {isa = PBXFileReference; lastKnownFileType = sourcecode.swift; path = GradientView.swift; sourceTree = "<group>"; };
		67360EFE208DB66B0095462C /* Constants.swift */ = {isa = PBXFileReference; lastKnownFileType = sourcecode.swift; path = Constants.swift; sourceTree = "<group>"; };
		67360F00208DBAF70095462C /* LoginVC.swift */ = {isa = PBXFileReference; lastKnownFileType = sourcecode.swift; path = LoginVC.swift; sourceTree = "<group>"; };
		67360F02208E8A090095462C /* CreateAccountVC.swift */ = {isa = PBXFileReference; lastKnownFileType = sourcecode.swift; path = CreateAccountVC.swift; sourceTree = "<group>"; };
		67446141208FD402000D0453 /* UserDataService.swift */ = {isa = PBXFileReference; lastKnownFileType = sourcecode.swift; path = UserDataService.swift; sourceTree = "<group>"; };
		67446143208FDEB5000D0453 /* AvatarPickerVC.swift */ = {isa = PBXFileReference; lastKnownFileType = sourcecode.swift; path = AvatarPickerVC.swift; sourceTree = "<group>"; };
		67446145208FE0A6000D0453 /* AvatarCell.swift */ = {isa = PBXFileReference; lastKnownFileType = sourcecode.swift; path = AvatarCell.swift; sourceTree = "<group>"; };
		67B9B7B3209129DD0017807B /* MessageService.swift */ = {isa = PBXFileReference; lastKnownFileType = sourcecode.swift; path = MessageService.swift; sourceTree = "<group>"; };
		67B9B7B520912A0E0017807B /* Channel.swift */ = {isa = PBXFileReference; lastKnownFileType = sourcecode.swift; path = Channel.swift; sourceTree = "<group>"; };
		67B9B7B72091302E0017807B /* ChannelCell.swift */ = {isa = PBXFileReference; lastKnownFileType = sourcecode.swift; path = ChannelCell.swift; sourceTree = "<group>"; };
		67B9B7B9209135750017807B /* AddChannelVC.swift */ = {isa = PBXFileReference; lastKnownFileType = sourcecode.swift; path = AddChannelVC.swift; sourceTree = "<group>"; };
		67B9B7BA209135750017807B /* AddChannelVC.xib */ = {isa = PBXFileReference; lastKnownFileType = file.xib; path = AddChannelVC.xib; sourceTree = "<group>"; };
		67B9B7BD20913EB60017807B /* SocketService.swift */ = {isa = PBXFileReference; lastKnownFileType = sourcecode.swift; path = SocketService.swift; sourceTree = "<group>"; };
		67D50927208EF93A00905EEB /* AuthService.swift */ = {isa = PBXFileReference; lastKnownFileType = sourcecode.swift; path = AuthService.swift; sourceTree = "<group>"; };
		67D50929208F057400905EEB /* RoundedButton.swift */ = {isa = PBXFileReference; lastKnownFileType = sourcecode.swift; path = RoundedButton.swift; sourceTree = "<group>"; };
		67FE5156208FEE320060A910 /* CircleImage.swift */ = {isa = PBXFileReference; lastKnownFileType = sourcecode.swift; path = CircleImage.swift; sourceTree = "<group>"; };
		67FE51582090174A0060A910 /* ProfileVC.swift */ = {isa = PBXFileReference; lastKnownFileType = sourcecode.swift; path = ProfileVC.swift; sourceTree = "<group>"; };
		67FE51592090174A0060A910 /* ProfileVC.xib */ = {isa = PBXFileReference; lastKnownFileType = file.xib; path = ProfileVC.xib; sourceTree = "<group>"; };
		8BC71C92F63AC75047B9F698 /* Pods_PalaverTests.framework */ = {isa = PBXFileReference; explicitFileType = wrapper.framework; includeInIndex = 0; path = Pods_PalaverTests.framework; sourceTree = BUILT_PRODUCTS_DIR; };
		C8BAAE64C90FD0139740A7F6 /* Pods-PalaverTests.release.xcconfig */ = {isa = PBXFileReference; includeInIndex = 1; lastKnownFileType = text.xcconfig; name = "Pods-PalaverTests.release.xcconfig"; path = "Pods/Target Support Files/Pods-PalaverTests/Pods-PalaverTests.release.xcconfig"; sourceTree = "<group>"; };
		F0CABF3FCC7291903F7BC5A9 /* Pods_PalaverUITests.framework */ = {isa = PBXFileReference; explicitFileType = wrapper.framework; includeInIndex = 0; path = Pods_PalaverUITests.framework; sourceTree = BUILT_PRODUCTS_DIR; };
		F6CB6AB81BB822C7C0D92C08 /* Pods-PalaverTests.debug.xcconfig */ = {isa = PBXFileReference; includeInIndex = 1; lastKnownFileType = text.xcconfig; name = "Pods-PalaverTests.debug.xcconfig"; path = "Pods/Target Support Files/Pods-PalaverTests/Pods-PalaverTests.debug.xcconfig"; sourceTree = "<group>"; };
		FFE9E4EEC79F428BE3461DFC /* Pods-Palaver.release.xcconfig */ = {isa = PBXFileReference; includeInIndex = 1; lastKnownFileType = text.xcconfig; name = "Pods-Palaver.release.xcconfig"; path = "Pods/Target Support Files/Pods-Palaver/Pods-Palaver.release.xcconfig"; sourceTree = "<group>"; };
/* End PBXFileReference section */

/* Begin PBXFrameworksBuildPhase section */
		67360EB9208D4A340095462C /* Frameworks */ = {
			isa = PBXFrameworksBuildPhase;
			buildActionMask = 2147483647;
			files = (
				19976A1BC2EF2A74FA1D38D4 /* Pods_Palaver.framework in Frameworks */,
			);
			runOnlyForDeploymentPostprocessing = 0;
		};
		67360ECD208D4A340095462C /* Frameworks */ = {
			isa = PBXFrameworksBuildPhase;
			buildActionMask = 2147483647;
			files = (
				67CC528855136E607694FFE9 /* Pods_PalaverTests.framework in Frameworks */,
			);
			runOnlyForDeploymentPostprocessing = 0;
		};
		67360ED8208D4A340095462C /* Frameworks */ = {
			isa = PBXFrameworksBuildPhase;
			buildActionMask = 2147483647;
			files = (
				B559EE58FED0EA29EFD826A1 /* Pods_PalaverUITests.framework in Frameworks */,
			);
			runOnlyForDeploymentPostprocessing = 0;
		};
/* End PBXFrameworksBuildPhase section */

/* Begin PBXGroup section */
		41C07153A44D22E0E0841042 /* Pods */ = {
			isa = PBXGroup;
			children = (
				11C050B055A788DB1D98ABEA /* Pods-Palaver.debug.xcconfig */,
				FFE9E4EEC79F428BE3461DFC /* Pods-Palaver.release.xcconfig */,
				F6CB6AB81BB822C7C0D92C08 /* Pods-PalaverTests.debug.xcconfig */,
				C8BAAE64C90FD0139740A7F6 /* Pods-PalaverTests.release.xcconfig */,
				081A31E997E4F572513C519D /* Pods-PalaverUITests.debug.xcconfig */,
				424464C04C5C37E865A2B3F0 /* Pods-PalaverUITests.release.xcconfig */,
			);
			name = Pods;
			sourceTree = "<group>";
		};
		67360EB3208D4A340095462C = {
			isa = PBXGroup;
			children = (
				67360EBE208D4A340095462C /* Palaver */,
				67360EED208D4BB00095462C /* README.md */,
				67360ED3208D4A340095462C /* PalaverTests */,
				67360EDE208D4A340095462C /* PalaverUITests */,
				67360EBD208D4A340095462C /* Products */,
				41C07153A44D22E0E0841042 /* Pods */,
				C749D83AF13BEA4AD6A32775 /* Frameworks */,
			);
			sourceTree = "<group>";
		};
		67360EBD208D4A340095462C /* Products */ = {
			isa = PBXGroup;
			children = (
				67360EBC208D4A340095462C /* Palaver.app */,
				67360ED0208D4A340095462C /* PalaverTests.xctest */,
				67360EDB208D4A340095462C /* PalaverUITests.xctest */,
			);
			name = Products;
			sourceTree = "<group>";
		};
		67360EBE208D4A340095462C /* Palaver */ = {
			isa = PBXGroup;
			children = (
				67FE515C209017690060A910 /* XIBs */,
				67D50926208EF92600905EEB /* Services */,
				67360EFD208DB6590095462C /* Utilities */,
				67360EF6208DA3220095462C /* Model */,
				67360EF5208DA31E0095462C /* View */,
				67360EF4208DA3180095462C /* Controller */,
				67360EBF208D4A340095462C /* AppDelegate.swift */,
				67360EC3208D4A340095462C /* Main.storyboard */,
				67360EC6208D4A340095462C /* Assets.xcassets */,
				67360EC8208D4A340095462C /* LaunchScreen.storyboard */,
				67360ECB208D4A340095462C /* Info.plist */,
				67360EEF208D69140095462C /* SupportingFiles */,
			);
			path = Palaver;
			sourceTree = "<group>";
		};
		67360ED3208D4A340095462C /* PalaverTests */ = {
			isa = PBXGroup;
			children = (
				67360ED4208D4A340095462C /* PalaverTests.swift */,
				67360ED6208D4A340095462C /* Info.plist */,
			);
			path = PalaverTests;
			sourceTree = "<group>";
		};
		67360EDE208D4A340095462C /* PalaverUITests */ = {
			isa = PBXGroup;
			children = (
				67360EDF208D4A340095462C /* PalaverUITests.swift */,
				67360EE1208D4A340095462C /* Info.plist */,
			);
			path = PalaverUITests;
			sourceTree = "<group>";
		};
		67360EEF208D69140095462C /* SupportingFiles */ = {
			isa = PBXGroup;
			children = (
				67360EF2208D69630095462C /* SWRevealViewController.h */,
				67360EF1208D69630095462C /* SWRevealViewController.m */,
				67360EF0208D69610095462C /* Palaver-Bridging-Header.h */,
			);
			path = SupportingFiles;
			sourceTree = "<group>";
		};
		67360EF4208DA3180095462C /* Controller */ = {
			isa = PBXGroup;
			children = (
				67360EF7208DA3420095462C /* ChatVC.swift */,
				67360EF9208DA3530095462C /* ChannelVC.swift */,
				67360F00208DBAF70095462C /* LoginVC.swift */,
				67360F02208E8A090095462C /* CreateAccountVC.swift */,
				67446143208FDEB5000D0453 /* AvatarPickerVC.swift */,
				67FE51582090174A0060A910 /* ProfileVC.swift */,
				67B9B7B9209135750017807B /* AddChannelVC.swift */,
			);
			path = Controller;
			sourceTree = "<group>";
		};
		67360EF5208DA31E0095462C /* View */ = {
			isa = PBXGroup;
			children = (
				67360EFB208DAA930095462C /* GradientView.swift */,
				67D50929208F057400905EEB /* RoundedButton.swift */,
				67446145208FE0A6000D0453 /* AvatarCell.swift */,
				67FE5156208FEE320060A910 /* CircleImage.swift */,
				67B9B7B72091302E0017807B /* ChannelCell.swift */,
			);
			path = View;
			sourceTree = "<group>";
		};
		67360EF6208DA3220095462C /* Model */ = {
			isa = PBXGroup;
			children = (
				67B9B7B520912A0E0017807B /* Channel.swift */,
			);
			path = Model;
			sourceTree = "<group>";
		};
		67360EFD208DB6590095462C /* Utilities */ = {
			isa = PBXGroup;
			children = (
				67360EFE208DB66B0095462C /* Constants.swift */,
			);
			path = Utilities;
			sourceTree = "<group>";
		};
		67D50926208EF92600905EEB /* Services */ = {
			isa = PBXGroup;
			children = (
				67D50927208EF93A00905EEB /* AuthService.swift */,
				67446141208FD402000D0453 /* UserDataService.swift */,
				67B9B7B3209129DD0017807B /* MessageService.swift */,
				67B9B7BD20913EB60017807B /* SocketService.swift */,
			);
			path = Services;
			sourceTree = "<group>";
		};
		67FE515C209017690060A910 /* XIBs */ = {
			isa = PBXGroup;
			children = (
				67FE51592090174A0060A910 /* ProfileVC.xib */,
				67B9B7BA209135750017807B /* AddChannelVC.xib */,
			);
			path = XIBs;
			sourceTree = "<group>";
		};
		C749D83AF13BEA4AD6A32775 /* Frameworks */ = {
			isa = PBXGroup;
			children = (
				2B69A06FBEEC2E3B250A8C3F /* Pods_Palaver.framework */,
				8BC71C92F63AC75047B9F698 /* Pods_PalaverTests.framework */,
				F0CABF3FCC7291903F7BC5A9 /* Pods_PalaverUITests.framework */,
			);
			name = Frameworks;
			sourceTree = "<group>";
		};
/* End PBXGroup section */

/* Begin PBXNativeTarget section */
		67360EBB208D4A340095462C /* Palaver */ = {
			isa = PBXNativeTarget;
			buildConfigurationList = 67360EE4208D4A340095462C /* Build configuration list for PBXNativeTarget "Palaver" */;
			buildPhases = (
				FD10F88AC443A5A8627BE614 /* [CP] Check Pods Manifest.lock */,
				67360EB8208D4A340095462C /* Sources */,
				67360EB9208D4A340095462C /* Frameworks */,
				67360EBA208D4A340095462C /* Resources */,
				E484C83C2529D46B90EA0DB3 /* [CP] Embed Pods Frameworks */,
				30F8D76067CFA39A84873D88 /* [CP] Copy Pods Resources */,
			);
			buildRules = (
			);
			dependencies = (
			);
			name = Palaver;
			productName = Palaver;
			productReference = 67360EBC208D4A340095462C /* Palaver.app */;
			productType = "com.apple.product-type.application";
		};
		67360ECF208D4A340095462C /* PalaverTests */ = {
			isa = PBXNativeTarget;
			buildConfigurationList = 67360EE7208D4A340095462C /* Build configuration list for PBXNativeTarget "PalaverTests" */;
			buildPhases = (
				5F6BB1DA88BB7BBA22CDE07E /* [CP] Check Pods Manifest.lock */,
				67360ECC208D4A340095462C /* Sources */,
				67360ECD208D4A340095462C /* Frameworks */,
				67360ECE208D4A340095462C /* Resources */,
				FF1DBDD71CE3145F6DBE9DC3 /* [CP] Embed Pods Frameworks */,
				C4CCFF42867B72C4C7C85671 /* [CP] Copy Pods Resources */,
			);
			buildRules = (
			);
			dependencies = (
				67360ED2208D4A340095462C /* PBXTargetDependency */,
			);
			name = PalaverTests;
			productName = PalaverTests;
			productReference = 67360ED0208D4A340095462C /* PalaverTests.xctest */;
			productType = "com.apple.product-type.bundle.unit-test";
		};
		67360EDA208D4A340095462C /* PalaverUITests */ = {
			isa = PBXNativeTarget;
			buildConfigurationList = 67360EEA208D4A340095462C /* Build configuration list for PBXNativeTarget "PalaverUITests" */;
			buildPhases = (
				D1920469D6338B3D5F9C87F3 /* [CP] Check Pods Manifest.lock */,
				67360ED7208D4A340095462C /* Sources */,
				67360ED8208D4A340095462C /* Frameworks */,
				67360ED9208D4A340095462C /* Resources */,
				B2CF7C5FD99C5D9B96A9B2BF /* [CP] Embed Pods Frameworks */,
				1989451EFAD1D9460D6BD512 /* [CP] Copy Pods Resources */,
			);
			buildRules = (
			);
			dependencies = (
				67360EDD208D4A340095462C /* PBXTargetDependency */,
			);
			name = PalaverUITests;
			productName = PalaverUITests;
			productReference = 67360EDB208D4A340095462C /* PalaverUITests.xctest */;
			productType = "com.apple.product-type.bundle.ui-testing";
		};
/* End PBXNativeTarget section */

/* Begin PBXProject section */
		67360EB4208D4A340095462C /* Project object */ = {
			isa = PBXProject;
			attributes = {
				LastSwiftUpdateCheck = 0920;
				LastUpgradeCheck = 0920;
				ORGANIZATIONNAME = "Vic Sukiasyan";
				TargetAttributes = {
					67360EBB208D4A340095462C = {
						CreatedOnToolsVersion = 9.2;
						LastSwiftMigration = 0920;
						ProvisioningStyle = Automatic;
					};
					67360ECF208D4A340095462C = {
						CreatedOnToolsVersion = 9.2;
						ProvisioningStyle = Automatic;
						TestTargetID = 67360EBB208D4A340095462C;
					};
					67360EDA208D4A340095462C = {
						CreatedOnToolsVersion = 9.2;
						ProvisioningStyle = Automatic;
						TestTargetID = 67360EBB208D4A340095462C;
					};
				};
			};
			buildConfigurationList = 67360EB7208D4A340095462C /* Build configuration list for PBXProject "Palaver" */;
			compatibilityVersion = "Xcode 8.0";
			developmentRegion = en;
			hasScannedForEncodings = 0;
			knownRegions = (
				en,
				Base,
			);
			mainGroup = 67360EB3208D4A340095462C;
			productRefGroup = 67360EBD208D4A340095462C /* Products */;
			projectDirPath = "";
			projectRoot = "";
			targets = (
				67360EBB208D4A340095462C /* Palaver */,
				67360ECF208D4A340095462C /* PalaverTests */,
				67360EDA208D4A340095462C /* PalaverUITests */,
			);
		};
/* End PBXProject section */

/* Begin PBXResourcesBuildPhase section */
		67360EBA208D4A340095462C /* Resources */ = {
			isa = PBXResourcesBuildPhase;
			buildActionMask = 2147483647;
			files = (
				67360ECA208D4A340095462C /* LaunchScreen.storyboard in Resources */,
				67360EC7208D4A340095462C /* Assets.xcassets in Resources */,
				67B9B7BC209135750017807B /* AddChannelVC.xib in Resources */,
				67360EEE208D4BB00095462C /* README.md in Resources */,
				67360EC5208D4A340095462C /* Main.storyboard in Resources */,
				67FE515B2090174A0060A910 /* ProfileVC.xib in Resources */,
			);
			runOnlyForDeploymentPostprocessing = 0;
		};
		67360ECE208D4A340095462C /* Resources */ = {
			isa = PBXResourcesBuildPhase;
			buildActionMask = 2147483647;
			files = (
			);
			runOnlyForDeploymentPostprocessing = 0;
		};
		67360ED9208D4A340095462C /* Resources */ = {
			isa = PBXResourcesBuildPhase;
			buildActionMask = 2147483647;
			files = (
			);
			runOnlyForDeploymentPostprocessing = 0;
		};
/* End PBXResourcesBuildPhase section */

/* Begin PBXShellScriptBuildPhase section */
		1989451EFAD1D9460D6BD512 /* [CP] Copy Pods Resources */ = {
			isa = PBXShellScriptBuildPhase;
			buildActionMask = 2147483647;
			files = (
			);
			inputPaths = (
			);
			name = "[CP] Copy Pods Resources";
			outputPaths = (
			);
			runOnlyForDeploymentPostprocessing = 0;
			shellPath = /bin/sh;
			shellScript = "\"${SRCROOT}/Pods/Target Support Files/Pods-PalaverUITests/Pods-PalaverUITests-resources.sh\"\n";
			showEnvVarsInLog = 0;
		};
		30F8D76067CFA39A84873D88 /* [CP] Copy Pods Resources */ = {
			isa = PBXShellScriptBuildPhase;
			buildActionMask = 2147483647;
			files = (
			);
			inputPaths = (
			);
			name = "[CP] Copy Pods Resources";
			outputPaths = (
			);
			runOnlyForDeploymentPostprocessing = 0;
			shellPath = /bin/sh;
			shellScript = "\"${SRCROOT}/Pods/Target Support Files/Pods-Palaver/Pods-Palaver-resources.sh\"\n";
			showEnvVarsInLog = 0;
		};
		5F6BB1DA88BB7BBA22CDE07E /* [CP] Check Pods Manifest.lock */ = {
			isa = PBXShellScriptBuildPhase;
			buildActionMask = 2147483647;
			files = (
			);
			inputPaths = (
				"${PODS_PODFILE_DIR_PATH}/Podfile.lock",
				"${PODS_ROOT}/Manifest.lock",
			);
			name = "[CP] Check Pods Manifest.lock";
			outputPaths = (
				"$(DERIVED_FILE_DIR)/Pods-PalaverTests-checkManifestLockResult.txt",
			);
			runOnlyForDeploymentPostprocessing = 0;
			shellPath = /bin/sh;
			shellScript = "diff \"${PODS_PODFILE_DIR_PATH}/Podfile.lock\" \"${PODS_ROOT}/Manifest.lock\" > /dev/null\nif [ $? != 0 ] ; then\n    # print error to STDERR\n    echo \"error: The sandbox is not in sync with the Podfile.lock. Run 'pod install' or update your CocoaPods installation.\" >&2\n    exit 1\nfi\n# This output is used by Xcode 'outputs' to avoid re-running this script phase.\necho \"SUCCESS\" > \"${SCRIPT_OUTPUT_FILE_0}\"\n";
			showEnvVarsInLog = 0;
		};
		B2CF7C5FD99C5D9B96A9B2BF /* [CP] Embed Pods Frameworks */ = {
			isa = PBXShellScriptBuildPhase;
			buildActionMask = 2147483647;
			files = (
			);
			inputPaths = (
			);
			name = "[CP] Embed Pods Frameworks";
			outputPaths = (
			);
			runOnlyForDeploymentPostprocessing = 0;
			shellPath = /bin/sh;
			shellScript = "\"${SRCROOT}/Pods/Target Support Files/Pods-PalaverUITests/Pods-PalaverUITests-frameworks.sh\"\n";
			showEnvVarsInLog = 0;
		};
		C4CCFF42867B72C4C7C85671 /* [CP] Copy Pods Resources */ = {
			isa = PBXShellScriptBuildPhase;
			buildActionMask = 2147483647;
			files = (
			);
			inputPaths = (
			);
			name = "[CP] Copy Pods Resources";
			outputPaths = (
			);
			runOnlyForDeploymentPostprocessing = 0;
			shellPath = /bin/sh;
			shellScript = "\"${SRCROOT}/Pods/Target Support Files/Pods-PalaverTests/Pods-PalaverTests-resources.sh\"\n";
			showEnvVarsInLog = 0;
		};
		D1920469D6338B3D5F9C87F3 /* [CP] Check Pods Manifest.lock */ = {
			isa = PBXShellScriptBuildPhase;
			buildActionMask = 2147483647;
			files = (
			);
			inputPaths = (
				"${PODS_PODFILE_DIR_PATH}/Podfile.lock",
				"${PODS_ROOT}/Manifest.lock",
			);
			name = "[CP] Check Pods Manifest.lock";
			outputPaths = (
				"$(DERIVED_FILE_DIR)/Pods-PalaverUITests-checkManifestLockResult.txt",
			);
			runOnlyForDeploymentPostprocessing = 0;
			shellPath = /bin/sh;
			shellScript = "diff \"${PODS_PODFILE_DIR_PATH}/Podfile.lock\" \"${PODS_ROOT}/Manifest.lock\" > /dev/null\nif [ $? != 0 ] ; then\n    # print error to STDERR\n    echo \"error: The sandbox is not in sync with the Podfile.lock. Run 'pod install' or update your CocoaPods installation.\" >&2\n    exit 1\nfi\n# This output is used by Xcode 'outputs' to avoid re-running this script phase.\necho \"SUCCESS\" > \"${SCRIPT_OUTPUT_FILE_0}\"\n";
			showEnvVarsInLog = 0;
		};
		E484C83C2529D46B90EA0DB3 /* [CP] Embed Pods Frameworks */ = {
			isa = PBXShellScriptBuildPhase;
			buildActionMask = 2147483647;
			files = (
			);
			inputPaths = (
				"${SRCROOT}/Pods/Target Support Files/Pods-Palaver/Pods-Palaver-frameworks.sh",
				"${BUILT_PRODUCTS_DIR}/Alamofire/Alamofire.framework",
				"${BUILT_PRODUCTS_DIR}/Socket.IO-Client-Swift/SocketIO.framework",
				"${BUILT_PRODUCTS_DIR}/Starscream/Starscream.framework",
				"${BUILT_PRODUCTS_DIR}/SwiftyJSON/SwiftyJSON.framework",
			);
			name = "[CP] Embed Pods Frameworks";
			outputPaths = (
				"${TARGET_BUILD_DIR}/${FRAMEWORKS_FOLDER_PATH}/Alamofire.framework",
				"${TARGET_BUILD_DIR}/${FRAMEWORKS_FOLDER_PATH}/SocketIO.framework",
				"${TARGET_BUILD_DIR}/${FRAMEWORKS_FOLDER_PATH}/Starscream.framework",
				"${TARGET_BUILD_DIR}/${FRAMEWORKS_FOLDER_PATH}/SwiftyJSON.framework",
			);
			runOnlyForDeploymentPostprocessing = 0;
			shellPath = /bin/sh;
			shellScript = "\"${SRCROOT}/Pods/Target Support Files/Pods-Palaver/Pods-Palaver-frameworks.sh\"\n";
			showEnvVarsInLog = 0;
		};
		FD10F88AC443A5A8627BE614 /* [CP] Check Pods Manifest.lock */ = {
			isa = PBXShellScriptBuildPhase;
			buildActionMask = 2147483647;
			files = (
			);
			inputPaths = (
				"${PODS_PODFILE_DIR_PATH}/Podfile.lock",
				"${PODS_ROOT}/Manifest.lock",
			);
			name = "[CP] Check Pods Manifest.lock";
			outputPaths = (
				"$(DERIVED_FILE_DIR)/Pods-Palaver-checkManifestLockResult.txt",
			);
			runOnlyForDeploymentPostprocessing = 0;
			shellPath = /bin/sh;
			shellScript = "diff \"${PODS_PODFILE_DIR_PATH}/Podfile.lock\" \"${PODS_ROOT}/Manifest.lock\" > /dev/null\nif [ $? != 0 ] ; then\n    # print error to STDERR\n    echo \"error: The sandbox is not in sync with the Podfile.lock. Run 'pod install' or update your CocoaPods installation.\" >&2\n    exit 1\nfi\n# This output is used by Xcode 'outputs' to avoid re-running this script phase.\necho \"SUCCESS\" > \"${SCRIPT_OUTPUT_FILE_0}\"\n";
			showEnvVarsInLog = 0;
		};
		FF1DBDD71CE3145F6DBE9DC3 /* [CP] Embed Pods Frameworks */ = {
			isa = PBXShellScriptBuildPhase;
			buildActionMask = 2147483647;
			files = (
			);
			inputPaths = (
			);
			name = "[CP] Embed Pods Frameworks";
			outputPaths = (
			);
			runOnlyForDeploymentPostprocessing = 0;
			shellPath = /bin/sh;
			shellScript = "\"${SRCROOT}/Pods/Target Support Files/Pods-PalaverTests/Pods-PalaverTests-frameworks.sh\"\n";
			showEnvVarsInLog = 0;
		};
/* End PBXShellScriptBuildPhase section */

/* Begin PBXSourcesBuildPhase section */
		67360EB8208D4A340095462C /* Sources */ = {
			isa = PBXSourcesBuildPhase;
			buildActionMask = 2147483647;
			files = (
				67B9B7BE20913EB60017807B /* SocketService.swift in Sources */,
				67FE515A2090174A0060A910 /* ProfileVC.swift in Sources */,
				67B9B7B82091302E0017807B /* ChannelCell.swift in Sources */,
				67360EFA208DA3530095462C /* ChannelVC.swift in Sources */,
				67446144208FDEB5000D0453 /* AvatarPickerVC.swift in Sources */,
				67D5092A208F057400905EEB /* RoundedButton.swift in Sources */,
				67B9B7B620912A0E0017807B /* Channel.swift in Sources */,
				67FE5157208FEE320060A910 /* CircleImage.swift in Sources */,
				67B9B7B4209129DD0017807B /* MessageService.swift in Sources */,
				67360EF8208DA3420095462C /* ChatVC.swift in Sources */,
				67446142208FD402000D0453 /* UserDataService.swift in Sources */,
				67360F03208E8A090095462C /* CreateAccountVC.swift in Sources */,
				67D50928208EF93A00905EEB /* AuthService.swift in Sources */,
				67360F01208DBAF70095462C /* LoginVC.swift in Sources */,
				67360EFC208DAA930095462C /* GradientView.swift in Sources */,
				67446146208FE0A6000D0453 /* AvatarCell.swift in Sources */,
				67360EC0208D4A340095462C /* AppDelegate.swift in Sources */,
				67360EF3208D69630095462C /* SWRevealViewController.m in Sources */,
				67B9B7BB209135750017807B /* AddChannelVC.swift in Sources */,
				67360EFF208DB66B0095462C /* Constants.swift in Sources */,
			);
			runOnlyForDeploymentPostprocessing = 0;
		};
		67360ECC208D4A340095462C /* Sources */ = {
			isa = PBXSourcesBuildPhase;
			buildActionMask = 2147483647;
			files = (
				67360ED5208D4A340095462C /* PalaverTests.swift in Sources */,
			);
			runOnlyForDeploymentPostprocessing = 0;
		};
		67360ED7208D4A340095462C /* Sources */ = {
			isa = PBXSourcesBuildPhase;
			buildActionMask = 2147483647;
			files = (
				67360EE0208D4A340095462C /* PalaverUITests.swift in Sources */,
			);
			runOnlyForDeploymentPostprocessing = 0;
		};
/* End PBXSourcesBuildPhase section */

/* Begin PBXTargetDependency section */
		67360ED2208D4A340095462C /* PBXTargetDependency */ = {
			isa = PBXTargetDependency;
			target = 67360EBB208D4A340095462C /* Palaver */;
			targetProxy = 67360ED1208D4A340095462C /* PBXContainerItemProxy */;
		};
		67360EDD208D4A340095462C /* PBXTargetDependency */ = {
			isa = PBXTargetDependency;
			target = 67360EBB208D4A340095462C /* Palaver */;
			targetProxy = 67360EDC208D4A340095462C /* PBXContainerItemProxy */;
		};
/* End PBXTargetDependency section */

/* Begin PBXVariantGroup section */
		67360EC3208D4A340095462C /* Main.storyboard */ = {
			isa = PBXVariantGroup;
			children = (
				67360EC4208D4A340095462C /* Base */,
			);
			name = Main.storyboard;
			sourceTree = "<group>";
		};
		67360EC8208D4A340095462C /* LaunchScreen.storyboard */ = {
			isa = PBXVariantGroup;
			children = (
				67360EC9208D4A340095462C /* Base */,
			);
			name = LaunchScreen.storyboard;
			sourceTree = "<group>";
		};
/* End PBXVariantGroup section */

/* Begin XCBuildConfiguration section */
		67360EE2208D4A340095462C /* Debug */ = {
			isa = XCBuildConfiguration;
			buildSettings = {
				ALWAYS_SEARCH_USER_PATHS = NO;
				CLANG_ANALYZER_NONNULL = YES;
				CLANG_ANALYZER_NUMBER_OBJECT_CONVERSION = YES_AGGRESSIVE;
				CLANG_CXX_LANGUAGE_STANDARD = "gnu++14";
				CLANG_CXX_LIBRARY = "libc++";
				CLANG_ENABLE_MODULES = YES;
				CLANG_ENABLE_OBJC_ARC = YES;
				CLANG_WARN_BLOCK_CAPTURE_AUTORELEASING = YES;
				CLANG_WARN_BOOL_CONVERSION = YES;
				CLANG_WARN_COMMA = YES;
				CLANG_WARN_CONSTANT_CONVERSION = YES;
				CLANG_WARN_DIRECT_OBJC_ISA_USAGE = YES_ERROR;
				CLANG_WARN_DOCUMENTATION_COMMENTS = YES;
				CLANG_WARN_EMPTY_BODY = YES;
				CLANG_WARN_ENUM_CONVERSION = YES;
				CLANG_WARN_INFINITE_RECURSION = YES;
				CLANG_WARN_INT_CONVERSION = YES;
				CLANG_WARN_NON_LITERAL_NULL_CONVERSION = YES;
				CLANG_WARN_OBJC_LITERAL_CONVERSION = YES;
				CLANG_WARN_OBJC_ROOT_CLASS = YES_ERROR;
				CLANG_WARN_RANGE_LOOP_ANALYSIS = YES;
				CLANG_WARN_STRICT_PROTOTYPES = YES;
				CLANG_WARN_SUSPICIOUS_MOVE = YES;
				CLANG_WARN_UNGUARDED_AVAILABILITY = YES_AGGRESSIVE;
				CLANG_WARN_UNREACHABLE_CODE = YES;
				CLANG_WARN__DUPLICATE_METHOD_MATCH = YES;
				CODE_SIGN_IDENTITY = "iPhone Developer";
				COPY_PHASE_STRIP = NO;
				DEBUG_INFORMATION_FORMAT = dwarf;
				ENABLE_STRICT_OBJC_MSGSEND = YES;
				ENABLE_TESTABILITY = YES;
				GCC_C_LANGUAGE_STANDARD = gnu11;
				GCC_DYNAMIC_NO_PIC = NO;
				GCC_NO_COMMON_BLOCKS = YES;
				GCC_OPTIMIZATION_LEVEL = 0;
				GCC_PREPROCESSOR_DEFINITIONS = (
					"DEBUG=1",
					"$(inherited)",
				);
				GCC_WARN_64_TO_32_BIT_CONVERSION = YES;
				GCC_WARN_ABOUT_RETURN_TYPE = YES_ERROR;
				GCC_WARN_UNDECLARED_SELECTOR = YES;
				GCC_WARN_UNINITIALIZED_AUTOS = YES_AGGRESSIVE;
				GCC_WARN_UNUSED_FUNCTION = YES;
				GCC_WARN_UNUSED_VARIABLE = YES;
				IPHONEOS_DEPLOYMENT_TARGET = 11.2;
				MTL_ENABLE_DEBUG_INFO = YES;
				ONLY_ACTIVE_ARCH = YES;
				SDKROOT = iphoneos;
				SWIFT_ACTIVE_COMPILATION_CONDITIONS = DEBUG;
				SWIFT_OPTIMIZATION_LEVEL = "-Onone";
			};
			name = Debug;
		};
		67360EE3208D4A340095462C /* Release */ = {
			isa = XCBuildConfiguration;
			buildSettings = {
				ALWAYS_SEARCH_USER_PATHS = NO;
				CLANG_ANALYZER_NONNULL = YES;
				CLANG_ANALYZER_NUMBER_OBJECT_CONVERSION = YES_AGGRESSIVE;
				CLANG_CXX_LANGUAGE_STANDARD = "gnu++14";
				CLANG_CXX_LIBRARY = "libc++";
				CLANG_ENABLE_MODULES = YES;
				CLANG_ENABLE_OBJC_ARC = YES;
				CLANG_WARN_BLOCK_CAPTURE_AUTORELEASING = YES;
				CLANG_WARN_BOOL_CONVERSION = YES;
				CLANG_WARN_COMMA = YES;
				CLANG_WARN_CONSTANT_CONVERSION = YES;
				CLANG_WARN_DIRECT_OBJC_ISA_USAGE = YES_ERROR;
				CLANG_WARN_DOCUMENTATION_COMMENTS = YES;
				CLANG_WARN_EMPTY_BODY = YES;
				CLANG_WARN_ENUM_CONVERSION = YES;
				CLANG_WARN_INFINITE_RECURSION = YES;
				CLANG_WARN_INT_CONVERSION = YES;
				CLANG_WARN_NON_LITERAL_NULL_CONVERSION = YES;
				CLANG_WARN_OBJC_LITERAL_CONVERSION = YES;
				CLANG_WARN_OBJC_ROOT_CLASS = YES_ERROR;
				CLANG_WARN_RANGE_LOOP_ANALYSIS = YES;
				CLANG_WARN_STRICT_PROTOTYPES = YES;
				CLANG_WARN_SUSPICIOUS_MOVE = YES;
				CLANG_WARN_UNGUARDED_AVAILABILITY = YES_AGGRESSIVE;
				CLANG_WARN_UNREACHABLE_CODE = YES;
				CLANG_WARN__DUPLICATE_METHOD_MATCH = YES;
				CODE_SIGN_IDENTITY = "iPhone Developer";
				COPY_PHASE_STRIP = NO;
				DEBUG_INFORMATION_FORMAT = "dwarf-with-dsym";
				ENABLE_NS_ASSERTIONS = NO;
				ENABLE_STRICT_OBJC_MSGSEND = YES;
				GCC_C_LANGUAGE_STANDARD = gnu11;
				GCC_NO_COMMON_BLOCKS = YES;
				GCC_WARN_64_TO_32_BIT_CONVERSION = YES;
				GCC_WARN_ABOUT_RETURN_TYPE = YES_ERROR;
				GCC_WARN_UNDECLARED_SELECTOR = YES;
				GCC_WARN_UNINITIALIZED_AUTOS = YES_AGGRESSIVE;
				GCC_WARN_UNUSED_FUNCTION = YES;
				GCC_WARN_UNUSED_VARIABLE = YES;
				IPHONEOS_DEPLOYMENT_TARGET = 11.2;
				MTL_ENABLE_DEBUG_INFO = NO;
				SDKROOT = iphoneos;
				SWIFT_OPTIMIZATION_LEVEL = "-Owholemodule";
				VALIDATE_PRODUCT = YES;
			};
			name = Release;
		};
		67360EE5208D4A340095462C /* Debug */ = {
			isa = XCBuildConfiguration;
			baseConfigurationReference = 11C050B055A788DB1D98ABEA /* Pods-Palaver.debug.xcconfig */;
			buildSettings = {
				ASSETCATALOG_COMPILER_APPICON_NAME = AppIcon;
				CLANG_ENABLE_MODULES = YES;
				CODE_SIGN_STYLE = Automatic;
				DEVELOPMENT_TEAM = P6295RT7MX;
				INFOPLIST_FILE = Palaver/Info.plist;
				IPHONEOS_DEPLOYMENT_TARGET = 11.2;
				LD_RUNPATH_SEARCH_PATHS = "$(inherited) @executable_path/Frameworks";
				PRODUCT_BUNDLE_IDENTIFIER = com.test.vsukiasyan.Palaver;
				PRODUCT_NAME = "$(TARGET_NAME)";
				SWIFT_OBJC_BRIDGING_HEADER = "Palaver/SupportingFiles/Palaver-Bridging-Header.h";
				SWIFT_OPTIMIZATION_LEVEL = "-Onone";
				SWIFT_VERSION = 4.0;
				TARGETED_DEVICE_FAMILY = "1,2";
			};
			name = Debug;
		};
		67360EE6208D4A340095462C /* Release */ = {
			isa = XCBuildConfiguration;
			baseConfigurationReference = FFE9E4EEC79F428BE3461DFC /* Pods-Palaver.release.xcconfig */;
			buildSettings = {
				ASSETCATALOG_COMPILER_APPICON_NAME = AppIcon;
				CLANG_ENABLE_MODULES = YES;
				CODE_SIGN_STYLE = Automatic;
				DEVELOPMENT_TEAM = P6295RT7MX;
				INFOPLIST_FILE = Palaver/Info.plist;
				IPHONEOS_DEPLOYMENT_TARGET = 11.2;
				LD_RUNPATH_SEARCH_PATHS = "$(inherited) @executable_path/Frameworks";
				PRODUCT_BUNDLE_IDENTIFIER = com.test.vsukiasyan.Palaver;
				PRODUCT_NAME = "$(TARGET_NAME)";
				SWIFT_OBJC_BRIDGING_HEADER = "Palaver/SupportingFiles/Palaver-Bridging-Header.h";
				SWIFT_VERSION = 4.0;
				TARGETED_DEVICE_FAMILY = "1,2";
			};
			name = Release;
		};
		67360EE8208D4A340095462C /* Debug */ = {
			isa = XCBuildConfiguration;
			baseConfigurationReference = F6CB6AB81BB822C7C0D92C08 /* Pods-PalaverTests.debug.xcconfig */;
			buildSettings = {
				ALWAYS_EMBED_SWIFT_STANDARD_LIBRARIES = YES;
				BUNDLE_LOADER = "$(TEST_HOST)";
				CODE_SIGN_STYLE = Automatic;
				DEVELOPMENT_TEAM = P6295RT7MX;
				INFOPLIST_FILE = PalaverTests/Info.plist;
				LD_RUNPATH_SEARCH_PATHS = "$(inherited) @executable_path/Frameworks @loader_path/Frameworks";
				PRODUCT_BUNDLE_IDENTIFIER = com.test.vsukiasyan.PalaverTests;
				PRODUCT_NAME = "$(TARGET_NAME)";
				SWIFT_VERSION = 4.0;
				TARGETED_DEVICE_FAMILY = "1,2";
				TEST_HOST = "$(BUILT_PRODUCTS_DIR)/Palaver.app/Palaver";
			};
			name = Debug;
		};
		67360EE9208D4A340095462C /* Release */ = {
			isa = XCBuildConfiguration;
			baseConfigurationReference = C8BAAE64C90FD0139740A7F6 /* Pods-PalaverTests.release.xcconfig */;
			buildSettings = {
				ALWAYS_EMBED_SWIFT_STANDARD_LIBRARIES = YES;
				BUNDLE_LOADER = "$(TEST_HOST)";
				CODE_SIGN_STYLE = Automatic;
				DEVELOPMENT_TEAM = P6295RT7MX;
				INFOPLIST_FILE = PalaverTests/Info.plist;
				LD_RUNPATH_SEARCH_PATHS = "$(inherited) @executable_path/Frameworks @loader_path/Frameworks";
				PRODUCT_BUNDLE_IDENTIFIER = com.test.vsukiasyan.PalaverTests;
				PRODUCT_NAME = "$(TARGET_NAME)";
				SWIFT_VERSION = 4.0;
				TARGETED_DEVICE_FAMILY = "1,2";
				TEST_HOST = "$(BUILT_PRODUCTS_DIR)/Palaver.app/Palaver";
			};
			name = Release;
		};
		67360EEB208D4A340095462C /* Debug */ = {
			isa = XCBuildConfiguration;
			baseConfigurationReference = 081A31E997E4F572513C519D /* Pods-PalaverUITests.debug.xcconfig */;
			buildSettings = {
				ALWAYS_EMBED_SWIFT_STANDARD_LIBRARIES = YES;
				CODE_SIGN_STYLE = Automatic;
				DEVELOPMENT_TEAM = P6295RT7MX;
				INFOPLIST_FILE = PalaverUITests/Info.plist;
				LD_RUNPATH_SEARCH_PATHS = "$(inherited) @executable_path/Frameworks @loader_path/Frameworks";
				PRODUCT_BUNDLE_IDENTIFIER = com.test.vsukiasyan.PalaverUITests;
				PRODUCT_NAME = "$(TARGET_NAME)";
				SWIFT_VERSION = 4.0;
				TARGETED_DEVICE_FAMILY = "1,2";
				TEST_TARGET_NAME = Palaver;
			};
			name = Debug;
		};
		67360EEC208D4A340095462C /* Release */ = {
			isa = XCBuildConfiguration;
			baseConfigurationReference = 424464C04C5C37E865A2B3F0 /* Pods-PalaverUITests.release.xcconfig */;
			buildSettings = {
				ALWAYS_EMBED_SWIFT_STANDARD_LIBRARIES = YES;
				CODE_SIGN_STYLE = Automatic;
				DEVELOPMENT_TEAM = P6295RT7MX;
				INFOPLIST_FILE = PalaverUITests/Info.plist;
				LD_RUNPATH_SEARCH_PATHS = "$(inherited) @executable_path/Frameworks @loader_path/Frameworks";
				PRODUCT_BUNDLE_IDENTIFIER = com.test.vsukiasyan.PalaverUITests;
				PRODUCT_NAME = "$(TARGET_NAME)";
				SWIFT_VERSION = 4.0;
				TARGETED_DEVICE_FAMILY = "1,2";
				TEST_TARGET_NAME = Palaver;
			};
			name = Release;
		};
/* End XCBuildConfiguration section */

/* Begin XCConfigurationList section */
		67360EB7208D4A340095462C /* Build configuration list for PBXProject "Palaver" */ = {
			isa = XCConfigurationList;
			buildConfigurations = (
				67360EE2208D4A340095462C /* Debug */,
				67360EE3208D4A340095462C /* Release */,
			);
			defaultConfigurationIsVisible = 0;
			defaultConfigurationName = Release;
		};
		67360EE4208D4A340095462C /* Build configuration list for PBXNativeTarget "Palaver" */ = {
			isa = XCConfigurationList;
			buildConfigurations = (
				67360EE5208D4A340095462C /* Debug */,
				67360EE6208D4A340095462C /* Release */,
			);
			defaultConfigurationIsVisible = 0;
			defaultConfigurationName = Release;
		};
		67360EE7208D4A340095462C /* Build configuration list for PBXNativeTarget "PalaverTests" */ = {
			isa = XCConfigurationList;
			buildConfigurations = (
				67360EE8208D4A340095462C /* Debug */,
				67360EE9208D4A340095462C /* Release */,
			);
			defaultConfigurationIsVisible = 0;
			defaultConfigurationName = Release;
		};
		67360EEA208D4A340095462C /* Build configuration list for PBXNativeTarget "PalaverUITests" */ = {
			isa = XCConfigurationList;
			buildConfigurations = (
				67360EEB208D4A340095462C /* Debug */,
				67360EEC208D4A340095462C /* Release */,
			);
			defaultConfigurationIsVisible = 0;
			defaultConfigurationName = Release;
		};
/* End XCConfigurationList section */
	};
	rootObject = 67360EB4208D4A340095462C /* Project object */;
}
